{
  "requires": true,
  "lockfileVersion": 1,
  "dependencies": {
    "@fontsource/roboto": {
      "version": "4.5.1",
      "resolved": "https://registry.npmjs.org/@fontsource/roboto/-/roboto-4.5.1.tgz",
      "integrity": "sha512-3mhfL+eNPG/woMNqwD/OHaW5qMpeGEBsDwzmhFmjB1yUV+M+M9P0NhP/AyHvnGz3DrqkvZ7CPzNMa+UkVLeELg=="
    }
  }
}
